
Microsoft Visual Studio Solution File, Format Version 12.00
# Visual Studio Version 17
VisualStudioVersion = 17.0.32112.339
MinimumVisualStudioVersion = 10.0.40219.1
Project("{FAE04EC0-301F-11D3-BF4B-00C04F79EFBC}") = "Assignment5", "Assignment5\Assignment5.csproj", "{E6100D43-B79B-4D4E-89EA-1462CD9F8C3C}"
EndProject
Global
	GlobalSection(SolutionConfigurationPlatforms) = preSolution
		Debug|Any CPU = Debug|Any CPU
		Release|Any CPU = Release|Any CPU
	EndGlobalSection
	GlobalSection(ProjectConfigurationPlatforms) = postSolution
		{E6100D43-B79B-4D4E-89EA-1462CD9F8C3C}.Debug|Any CPU.ActiveCfg = Debug|Any CPU
		{E6100D43-B79B-4D4E-89EA-1462CD9F8C3C}.Debug|Any CPU.Build.0 = Debug|Any CPU
		{E6100D43-B79B-4D4E-89EA-1462CD9F8C3C}.Release|Any CPU.ActiveCfg = Release|Any CPU
		{E6100D43-B79B-4D4E-89EA-1462CD9F8C3C}.Release|Any CPU.Build.0 = Release|Any CPU
	EndGlobalSection
	GlobalSection(SolutionProperties) = preSolution
		HideSolutionNode = FALSE
	EndGlobalSection
	GlobalSection(ExtensibilityGlobals) = postSolution
		SolutionGuid = {6921D8CD-C039-4D18-A990-DCC3CA923CC1}
	EndGlobalSection
EndGlobal
